# THIS IS AN AUTOGENERATED FILE. DO NOT EDIT THIS FILE DIRECTLY.
# yarn lockfile v1


mobx-react-lite@^1.4.2:
  version "1.5.2"
  resolved "https://registry.yarnpkg.com/mobx-react-lite/-/mobx-react-lite-1.5.2.tgz#c4395b0568b9cb16f07669d8869cc4efa1b8656d"
  integrity sha512-PyZmARqqWtpuQaAoHF5pKX7h6TKNLwq6vtovm4zZvG6sEbMRHHSqioGXSeQbpRmG8Kw8uln3q/W1yMO5IfL5Sg==

mobx-react@^6.1.4:
  version "6.1.4"
  resolved "https://registry.yarnpkg.com/mobx-react/-/mobx-react-6.1.4.tgz#818e7991c321c05bd9b8156d94be17dad165501e"
  integrity sha512-wzrJF1RflhyLh8ne4FJfMbG8ZgRFmZ62b4nbyhJzwQpAmrkSnSsAWG9mIff4ffV/Q7OU+uOYf7rXvSmiuUe4cw==
  dependencies:
    mobx-react-lite "^1.4.2"

mobx@^5.15.2:
  version "5.15.2"
  resolved "https://registry.yarnpkg.com/mobx/-/mobx-5.15.2.tgz#010a6abf49add64a3372966d17a01416e7e40655"
  integrity sha512-eVmHGuSYd0ZU6x8gYMdgLEnCC9kfBJaf7/qJt+/yIxczVVUiVzHvTBjZH3xEa5FD5VJJSh1/Ba4SThE4ErEGjw==
